
Microsoft Visual Studio Solution File, Format Version 12.00
# Visual Studio Version 17
VisualStudioVersion = 17.13.35931.197 d17.13
MinimumVisualStudioVersion = 10.0.40219.1
Project("{FAE04EC0-301F-11D3-BF4B-00C04F79EFBC}") = "Dororo", "Dororo.csproj", "{83F69465-B239-473F-9544-7E83D52E223E}"
EndProject
Global
	GlobalSection(SolutionConfigurationPlatforms) = preSolution
		Debug|Any CPU = Debug|Any CPU
		ExportDebug|Any CPU = ExportDebug|Any CPU
		ExportRelease|Any CPU = ExportRelease|Any CPU
	EndGlobalSection
	GlobalSection(ProjectConfigurationPlatforms) = postSolution
		{83F69465-B239-473F-9544-7E83D52E223E}.Debug|Any CPU.ActiveCfg = Debug|Any CPU
		{83F69465-B239-473F-9544-7E83D52E223E}.Debug|Any CPU.Build.0 = Debug|Any CPU
		{83F69465-B239-473F-9544-7E83D52E223E}.ExportDebug|Any CPU.ActiveCfg = ExportDebug|Any CPU
		{83F69465-B239-473F-9544-7E83D52E223E}.ExportDebug|Any CPU.Build.0 = ExportDebug|Any CPU
		{83F69465-B239-473F-9544-7E83D52E223E}.ExportRelease|Any CPU.ActiveCfg = ExportRelease|Any CPU
		{83F69465-B239-473F-9544-7E83D52E223E}.ExportRelease|Any CPU.Build.0 = ExportRelease|Any CPU
	EndGlobalSection
	GlobalSection(SolutionProperties) = preSolution
		HideSolutionNode = FALSE
	EndGlobalSection
	GlobalSection(ExtensibilityGlobals) = postSolution
		SolutionGuid = {B4F3A1BD-4EFB-45C2-9369-F9E4FE552D3A}
	EndGlobalSection
EndGlobal
